<Solution>
  <Folder Name="/src/">
    <Project Path="src/API/API.csproj" />
    <Project Path="src/Core/Core.csproj" />
    <Project Path="src/Infrastructure/Infrastructure.csproj" />
    <Project Path="src/Library/Library.csproj" />
  </Folder>
  <Folder Name="/tests/">
    <Project Path="tests/IntegrationTests/IntegrationTests.csproj" />
    <Project Path="tests/UnitTests/UnitTests.csproj" />
  </Folder>
</Solution>
